
Microsoft Visual Studio Solution File, Format Version 12.00
# Visual Studio Version 17
VisualStudioVersion = 17.3.32811.315
MinimumVisualStudioVersion = 10.0.40219.1
Project("{2150E333-8FDC-42A3-9474-1A3956D46DE8}") = "FrontEnd", "FrontEnd", "{A34AFBB9-1324-4DA6-8D73-3247A605DA83}"
EndProject
Project("{2150E333-8FDC-42A3-9474-1A3956D46DE8}") = "Services", "Services", "{38E6981E-913E-40BD-8D1A-5562CD0F1C09}"
EndProject
Project("{9A19103F-16F7-4668-BE54-9A1E7A4F7556}") = "Mango.Web", "Mango.Web\Mango.Web.csproj", "{4FAF9CEC-1F16-4B8E-B9D5-8D3D87C8C170}"
EndProject
Project("{9A19103F-16F7-4668-BE54-9A1E7A4F7556}") = "Mango.Services.ProductAPI", "Mango.Services.ProductAPI\Mango.Services.ProductAPI.csproj", "{FCBEB772-B1D1-4C92-96D8-D961CC248445}"
EndProject
Project("{9A19103F-16F7-4668-BE54-9A1E7A4F7556}") = "Mango.Services.Identity", "Mango.Services.Identity\Mango.Services.Identity.csproj", "{5D7B9FFF-15E6-42BA-9742-1EC26AA4CDDF}"
EndProject
Project("{9A19103F-16F7-4668-BE54-9A1E7A4F7556}") = "Mango.Services.ShoppingCartAPI", "Mango.Services.ShoppingCartAPI\Mango.Services.ShoppingCartAPI.csproj", "{73A9F7B3-C6BF-43D1-9E43-A40DBD1D4FAB}"
EndProject
Project("{9A19103F-16F7-4668-BE54-9A1E7A4F7556}") = "Mango.Services.CouponAPI", "Mango.Services.CouponAPI\Mango.Services.CouponAPI.csproj", "{C9FD646F-48ED-4619-A337-4DE133CAE655}"
EndProject
Project("{2150E333-8FDC-42A3-9474-1A3956D46DE8}") = "Integration", "Integration", "{503840FA-3824-4EAF-ACA7-3B7AE6615EF6}"
EndProject
Project("{FAE04EC0-301F-11D3-BF4B-00C04F79EFBC}") = "Mango.MessageBus", "Mango.MessageBus\Mango.MessageBus.csproj", "{CE5EAC35-B5B3-43B9-8B95-F2F1B75F335F}"
EndProject
Project("{FAE04EC0-301F-11D3-BF4B-00C04F79EFBC}") = "Mango.Services.OrderAPI", "Mango.Services.OrderAPI\Mango.Services.OrderAPI.csproj", "{9F609F19-492A-46C6-A4D0-1933C62724F1}"
EndProject
Global
	GlobalSection(SolutionConfigurationPlatforms) = preSolution
		Debug|Any CPU = Debug|Any CPU
		Release|Any CPU = Release|Any CPU
	EndGlobalSection
	GlobalSection(ProjectConfigurationPlatforms) = postSolution
		{4FAF9CEC-1F16-4B8E-B9D5-8D3D87C8C170}.Debug|Any CPU.ActiveCfg = Debug|Any CPU
		{4FAF9CEC-1F16-4B8E-B9D5-8D3D87C8C170}.Debug|Any CPU.Build.0 = Debug|Any CPU
		{4FAF9CEC-1F16-4B8E-B9D5-8D3D87C8C170}.Release|Any CPU.ActiveCfg = Release|Any CPU
		{4FAF9CEC-1F16-4B8E-B9D5-8D3D87C8C170}.Release|Any CPU.Build.0 = Release|Any CPU
		{FCBEB772-B1D1-4C92-96D8-D961CC248445}.Debug|Any CPU.ActiveCfg = Debug|Any CPU
		{FCBEB772-B1D1-4C92-96D8-D961CC248445}.Debug|Any CPU.Build.0 = Debug|Any CPU
		{FCBEB772-B1D1-4C92-96D8-D961CC248445}.Release|Any CPU.ActiveCfg = Release|Any CPU
		{FCBEB772-B1D1-4C92-96D8-D961CC248445}.Release|Any CPU.Build.0 = Release|Any CPU
		{5D7B9FFF-15E6-42BA-9742-1EC26AA4CDDF}.Debug|Any CPU.ActiveCfg = Debug|Any CPU
		{5D7B9FFF-15E6-42BA-9742-1EC26AA4CDDF}.Debug|Any CPU.Build.0 = Debug|Any CPU
		{5D7B9FFF-15E6-42BA-9742-1EC26AA4CDDF}.Release|Any CPU.ActiveCfg = Release|Any CPU
		{5D7B9FFF-15E6-42BA-9742-1EC26AA4CDDF}.Release|Any CPU.Build.0 = Release|Any CPU
		{73A9F7B3-C6BF-43D1-9E43-A40DBD1D4FAB}.Debug|Any CPU.ActiveCfg = Debug|Any CPU
		{73A9F7B3-C6BF-43D1-9E43-A40DBD1D4FAB}.Debug|Any CPU.Build.0 = Debug|Any CPU
		{73A9F7B3-C6BF-43D1-9E43-A40DBD1D4FAB}.Release|Any CPU.ActiveCfg = Release|Any CPU
		{73A9F7B3-C6BF-43D1-9E43-A40DBD1D4FAB}.Release|Any CPU.Build.0 = Release|Any CPU
		{C9FD646F-48ED-4619-A337-4DE133CAE655}.Debug|Any CPU.ActiveCfg = Debug|Any CPU
		{C9FD646F-48ED-4619-A337-4DE133CAE655}.Debug|Any CPU.Build.0 = Debug|Any CPU
		{C9FD646F-48ED-4619-A337-4DE133CAE655}.Release|Any CPU.ActiveCfg = Release|Any CPU
		{C9FD646F-48ED-4619-A337-4DE133CAE655}.Release|Any CPU.Build.0 = Release|Any CPU
		{CE5EAC35-B5B3-43B9-8B95-F2F1B75F335F}.Debug|Any CPU.ActiveCfg = Debug|Any CPU
		{CE5EAC35-B5B3-43B9-8B95-F2F1B75F335F}.Debug|Any CPU.Build.0 = Debug|Any CPU
		{CE5EAC35-B5B3-43B9-8B95-F2F1B75F335F}.Release|Any CPU.ActiveCfg = Release|Any CPU
		{CE5EAC35-B5B3-43B9-8B95-F2F1B75F335F}.Release|Any CPU.Build.0 = Release|Any CPU
		{9F609F19-492A-46C6-A4D0-1933C62724F1}.Debug|Any CPU.ActiveCfg = Debug|Any CPU
		{9F609F19-492A-46C6-A4D0-1933C62724F1}.Debug|Any CPU.Build.0 = Debug|Any CPU
		{9F609F19-492A-46C6-A4D0-1933C62724F1}.Release|Any CPU.ActiveCfg = Release|Any CPU
		{9F609F19-492A-46C6-A4D0-1933C62724F1}.Release|Any CPU.Build.0 = Release|Any CPU
	EndGlobalSection
	GlobalSection(SolutionProperties) = preSolution
		HideSolutionNode = FALSE
	EndGlobalSection
	GlobalSection(NestedProjects) = preSolution
		{4FAF9CEC-1F16-4B8E-B9D5-8D3D87C8C170} = {A34AFBB9-1324-4DA6-8D73-3247A605DA83}
		{FCBEB772-B1D1-4C92-96D8-D961CC248445} = {38E6981E-913E-40BD-8D1A-5562CD0F1C09}
		{5D7B9FFF-15E6-42BA-9742-1EC26AA4CDDF} = {38E6981E-913E-40BD-8D1A-5562CD0F1C09}
		{73A9F7B3-C6BF-43D1-9E43-A40DBD1D4FAB} = {38E6981E-913E-40BD-8D1A-5562CD0F1C09}
		{C9FD646F-48ED-4619-A337-4DE133CAE655} = {38E6981E-913E-40BD-8D1A-5562CD0F1C09}
		{CE5EAC35-B5B3-43B9-8B95-F2F1B75F335F} = {503840FA-3824-4EAF-ACA7-3B7AE6615EF6}
		{9F609F19-492A-46C6-A4D0-1933C62724F1} = {38E6981E-913E-40BD-8D1A-5562CD0F1C09}
	EndGlobalSection
	GlobalSection(ExtensibilityGlobals) = postSolution
		SolutionGuid = {F59CAE57-591E-4038-AD3C-F543B28446C4}
	EndGlobalSection
EndGlobal
